
Microsoft Visual Studio Solution File, Format Version 12.00
Project("{FAE04EC0-301F-11D3-BF4B-00C04F79EFBC}") = "Model", "Model\Model.csproj", "{D5D3417A-52D0-4827-803A-5C4119BC841F}"
EndProject
Project("{FAE04EC0-301F-11D3-BF4B-00C04F79EFBC}") = "Api", "Api\Api.csproj", "{94A393B6-FDE8-4646-BB8A-7E04C03C5935}"
EndProject
Global
	GlobalSection(SolutionConfigurationPlatforms) = preSolution
		Debug|Any CPU = Debug|Any CPU
		Release|Any CPU = Release|Any CPU
	EndGlobalSection
	GlobalSection(ProjectConfigurationPlatforms) = postSolution
		{D5D3417A-52D0-4827-803A-5C4119BC841F}.Debug|Any CPU.ActiveCfg = Debug|Any CPU
		{D5D3417A-52D0-4827-803A-5C4119BC841F}.Debug|Any CPU.Build.0 = Debug|Any CPU
		{D5D3417A-52D0-4827-803A-5C4119BC841F}.Release|Any CPU.ActiveCfg = Release|Any CPU
		{D5D3417A-52D0-4827-803A-5C4119BC841F}.Release|Any CPU.Build.0 = Release|Any CPU
		{94A393B6-FDE8-4646-BB8A-7E04C03C5935}.Debug|Any CPU.ActiveCfg = Debug|Any CPU
		{94A393B6-FDE8-4646-BB8A-7E04C03C5935}.Debug|Any CPU.Build.0 = Debug|Any CPU
		{94A393B6-FDE8-4646-BB8A-7E04C03C5935}.Release|Any CPU.ActiveCfg = Release|Any CPU
		{94A393B6-FDE8-4646-BB8A-7E04C03C5935}.Release|Any CPU.Build.0 = Release|Any CPU
	EndGlobalSection
EndGlobal
